
Microsoft Visual Studio Solution File, Format Version 12.00
# Visual Studio Version 17
VisualStudioVersion = 17.11.35327.3
MinimumVisualStudioVersion = 10.0.40219.1
Project("{FAE04EC0-301F-11D3-BF4B-00C04F79EFBC}") = "FrequencyOfString", "Sttrings\FrequencyOfString.csproj", "{4602FA26-CC65-48CA-8C5C-2768DBEE900C}"
EndProject
Project("{FAE04EC0-301F-11D3-BF4B-00C04F79EFBC}") = "Anagram", "Anagram\Anagram.csproj", "{EF22A93A-4ADB-47FB-9634-FE7F054085F9}"
EndProject
Project("{FAE04EC0-301F-11D3-BF4B-00C04F79EFBC}") = "FindFirstNonRepeatingChar", "FindFirstNonRepeatingChar\FindFirstNonRepeatingChar.csproj", "{088D7AB9-974E-4BFC-9D5F-8F3C0AB9C2E0}"
EndProject
Project("{FAE04EC0-301F-11D3-BF4B-00C04F79EFBC}") = "FindMaxCharOccurence", "FindMaxCharOccurence\FindMaxCharOccurence.csproj", "{88BB2B3A-C21D-4FDF-ACF8-A6AF9475680D}"
EndProject
Project("{FAE04EC0-301F-11D3-BF4B-00C04F79EFBC}") = "ConstAndVowel", "CapitalizeFirstAndLastChar\ConstAndVowel.csproj", "{0FBECEC5-8625-4BCE-A651-A82A47037A27}"
EndProject
Project("{FAE04EC0-301F-11D3-BF4B-00C04F79EFBC}") = "CountSumOfNumbersInString", "CountSumOfNumbersInString\CountSumOfNumbersInString.csproj", "{F718D24D-1835-4C61-B891-1E735B3AE1FF}"
EndProject
Project("{FAE04EC0-301F-11D3-BF4B-00C04F79EFBC}") = "FindLengthOfAString", "FindLengthOfAString\FindLengthOfAString.csproj", "{34517AB2-A01F-4F63-8548-6DFA732CE467}"
EndProject
Project("{FAE04EC0-301F-11D3-BF4B-00C04F79EFBC}") = "PalindromeString", "PalindromeString\PalindromeString.csproj", "{B160903E-7AE5-4608-B780-D0CC37DF8030}"
EndProject
Project("{FAE04EC0-301F-11D3-BF4B-00C04F79EFBC}") = "ReverseString", "ReverseString\ReverseString.csproj", "{6C91B51B-53A0-4688-AAB4-01161CC0A8DC}"
EndProject
Project("{FAE04EC0-301F-11D3-BF4B-00C04F79EFBC}") = "ReverseStringOfEachWord", "ReverseStringOfEachWord\ReverseStringOfEachWord.csproj", "{4B357C5E-912B-4EA6-929A-594FC7771612}"
EndProject
Project("{FAE04EC0-301F-11D3-BF4B-00C04F79EFBC}") = "SwapPairOfCharacters", "SwapPairOfCharacters\SwapPairOfCharacters.csproj", "{00C2EC7C-02DB-4B36-84CB-F0CD45EB3915}"
EndProject
Project("{FAE04EC0-301F-11D3-BF4B-00C04F79EFBC}") = "ReplaceWordInAString", "ReplaceWordInAString\ReplaceWordInAString.csproj", "{44E42E7F-0589-4B9E-95C8-0B5079E3FB8F}"
EndProject
Project("{FAE04EC0-301F-11D3-BF4B-00C04F79EFBC}") = "RemoveVowel", "RemoveVowel\RemoveVowel.csproj", "{31EDDCB6-9843-4DB1-BBB4-17BCAF8A83C5}"
EndProject
Project("{FAE04EC0-301F-11D3-BF4B-00C04F79EFBC}") = "RemoveSpaces", "RemoveSpaces\RemoveSpaces.csproj", "{89880D32-3E77-4B7E-8A7A-A0691D5C438B}"
EndProject
Project("{FAE04EC0-301F-11D3-BF4B-00C04F79EFBC}") = "Remove", "Remove\Remove.csproj", "{4359C561-8CE2-43EB-A78C-409B63AC53B5}"
EndProject
Project("{FAE04EC0-301F-11D3-BF4B-00C04F79EFBC}") = "ToggleString", "ToggleString\ToggleString.csproj", "{92266026-44F8-402B-9DE1-8F3F1AFA8120}"
EndProject
Global
	GlobalSection(SolutionConfigurationPlatforms) = preSolution
		Debug|Any CPU = Debug|Any CPU
		Release|Any CPU = Release|Any CPU
	EndGlobalSection
	GlobalSection(ProjectConfigurationPlatforms) = postSolution
		{4602FA26-CC65-48CA-8C5C-2768DBEE900C}.Debug|Any CPU.ActiveCfg = Debug|Any CPU
		{4602FA26-CC65-48CA-8C5C-2768DBEE900C}.Debug|Any CPU.Build.0 = Debug|Any CPU
		{4602FA26-CC65-48CA-8C5C-2768DBEE900C}.Release|Any CPU.ActiveCfg = Release|Any CPU
		{4602FA26-CC65-48CA-8C5C-2768DBEE900C}.Release|Any CPU.Build.0 = Release|Any CPU
		{EF22A93A-4ADB-47FB-9634-FE7F054085F9}.Debug|Any CPU.ActiveCfg = Debug|Any CPU
		{EF22A93A-4ADB-47FB-9634-FE7F054085F9}.Debug|Any CPU.Build.0 = Debug|Any CPU
		{EF22A93A-4ADB-47FB-9634-FE7F054085F9}.Release|Any CPU.ActiveCfg = Release|Any CPU
		{EF22A93A-4ADB-47FB-9634-FE7F054085F9}.Release|Any CPU.Build.0 = Release|Any CPU
		{088D7AB9-974E-4BFC-9D5F-8F3C0AB9C2E0}.Debug|Any CPU.ActiveCfg = Debug|Any CPU
		{088D7AB9-974E-4BFC-9D5F-8F3C0AB9C2E0}.Debug|Any CPU.Build.0 = Debug|Any CPU
		{088D7AB9-974E-4BFC-9D5F-8F3C0AB9C2E0}.Release|Any CPU.ActiveCfg = Release|Any CPU
		{088D7AB9-974E-4BFC-9D5F-8F3C0AB9C2E0}.Release|Any CPU.Build.0 = Release|Any CPU
		{88BB2B3A-C21D-4FDF-ACF8-A6AF9475680D}.Debug|Any CPU.ActiveCfg = Debug|Any CPU
		{88BB2B3A-C21D-4FDF-ACF8-A6AF9475680D}.Debug|Any CPU.Build.0 = Debug|Any CPU
		{88BB2B3A-C21D-4FDF-ACF8-A6AF9475680D}.Release|Any CPU.ActiveCfg = Release|Any CPU
		{88BB2B3A-C21D-4FDF-ACF8-A6AF9475680D}.Release|Any CPU.Build.0 = Release|Any CPU
		{0FBECEC5-8625-4BCE-A651-A82A47037A27}.Debug|Any CPU.ActiveCfg = Debug|Any CPU
		{0FBECEC5-8625-4BCE-A651-A82A47037A27}.Debug|Any CPU.Build.0 = Debug|Any CPU
		{0FBECEC5-8625-4BCE-A651-A82A47037A27}.Release|Any CPU.ActiveCfg = Release|Any CPU
		{0FBECEC5-8625-4BCE-A651-A82A47037A27}.Release|Any CPU.Build.0 = Release|Any CPU
		{F718D24D-1835-4C61-B891-1E735B3AE1FF}.Debug|Any CPU.ActiveCfg = Debug|Any CPU
		{F718D24D-1835-4C61-B891-1E735B3AE1FF}.Debug|Any CPU.Build.0 = Debug|Any CPU
		{F718D24D-1835-4C61-B891-1E735B3AE1FF}.Release|Any CPU.ActiveCfg = Release|Any CPU
		{F718D24D-1835-4C61-B891-1E735B3AE1FF}.Release|Any CPU.Build.0 = Release|Any CPU
		{34517AB2-A01F-4F63-8548-6DFA732CE467}.Debug|Any CPU.ActiveCfg = Debug|Any CPU
		{34517AB2-A01F-4F63-8548-6DFA732CE467}.Debug|Any CPU.Build.0 = Debug|Any CPU
		{34517AB2-A01F-4F63-8548-6DFA732CE467}.Release|Any CPU.ActiveCfg = Release|Any CPU
		{34517AB2-A01F-4F63-8548-6DFA732CE467}.Release|Any CPU.Build.0 = Release|Any CPU
		{B160903E-7AE5-4608-B780-D0CC37DF8030}.Debug|Any CPU.ActiveCfg = Debug|Any CPU
		{B160903E-7AE5-4608-B780-D0CC37DF8030}.Debug|Any CPU.Build.0 = Debug|Any CPU
		{B160903E-7AE5-4608-B780-D0CC37DF8030}.Release|Any CPU.ActiveCfg = Release|Any CPU
		{B160903E-7AE5-4608-B780-D0CC37DF8030}.Release|Any CPU.Build.0 = Release|Any CPU
		{6C91B51B-53A0-4688-AAB4-01161CC0A8DC}.Debug|Any CPU.ActiveCfg = Debug|Any CPU
		{6C91B51B-53A0-4688-AAB4-01161CC0A8DC}.Debug|Any CPU.Build.0 = Debug|Any CPU
		{6C91B51B-53A0-4688-AAB4-01161CC0A8DC}.Release|Any CPU.ActiveCfg = Release|Any CPU
		{6C91B51B-53A0-4688-AAB4-01161CC0A8DC}.Release|Any CPU.Build.0 = Release|Any CPU
		{4B357C5E-912B-4EA6-929A-594FC7771612}.Debug|Any CPU.ActiveCfg = Debug|Any CPU
		{4B357C5E-912B-4EA6-929A-594FC7771612}.Debug|Any CPU.Build.0 = Debug|Any CPU
		{4B357C5E-912B-4EA6-929A-594FC7771612}.Release|Any CPU.ActiveCfg = Release|Any CPU
		{4B357C5E-912B-4EA6-929A-594FC7771612}.Release|Any CPU.Build.0 = Release|Any CPU
		{00C2EC7C-02DB-4B36-84CB-F0CD45EB3915}.Debug|Any CPU.ActiveCfg = Debug|Any CPU
		{00C2EC7C-02DB-4B36-84CB-F0CD45EB3915}.Debug|Any CPU.Build.0 = Debug|Any CPU
		{00C2EC7C-02DB-4B36-84CB-F0CD45EB3915}.Release|Any CPU.ActiveCfg = Release|Any CPU
		{00C2EC7C-02DB-4B36-84CB-F0CD45EB3915}.Release|Any CPU.Build.0 = Release|Any CPU
		{44E42E7F-0589-4B9E-95C8-0B5079E3FB8F}.Debug|Any CPU.ActiveCfg = Debug|Any CPU
		{44E42E7F-0589-4B9E-95C8-0B5079E3FB8F}.Debug|Any CPU.Build.0 = Debug|Any CPU
		{44E42E7F-0589-4B9E-95C8-0B5079E3FB8F}.Release|Any CPU.ActiveCfg = Release|Any CPU
		{44E42E7F-0589-4B9E-95C8-0B5079E3FB8F}.Release|Any CPU.Build.0 = Release|Any CPU
		{31EDDCB6-9843-4DB1-BBB4-17BCAF8A83C5}.Debug|Any CPU.ActiveCfg = Debug|Any CPU
		{31EDDCB6-9843-4DB1-BBB4-17BCAF8A83C5}.Debug|Any CPU.Build.0 = Debug|Any CPU
		{31EDDCB6-9843-4DB1-BBB4-17BCAF8A83C5}.Release|Any CPU.ActiveCfg = Release|Any CPU
		{31EDDCB6-9843-4DB1-BBB4-17BCAF8A83C5}.Release|Any CPU.Build.0 = Release|Any CPU
		{89880D32-3E77-4B7E-8A7A-A0691D5C438B}.Debug|Any CPU.ActiveCfg = Debug|Any CPU
		{89880D32-3E77-4B7E-8A7A-A0691D5C438B}.Debug|Any CPU.Build.0 = Debug|Any CPU
		{89880D32-3E77-4B7E-8A7A-A0691D5C438B}.Release|Any CPU.ActiveCfg = Release|Any CPU
		{89880D32-3E77-4B7E-8A7A-A0691D5C438B}.Release|Any CPU.Build.0 = Release|Any CPU
		{4359C561-8CE2-43EB-A78C-409B63AC53B5}.Debug|Any CPU.ActiveCfg = Debug|Any CPU
		{4359C561-8CE2-43EB-A78C-409B63AC53B5}.Debug|Any CPU.Build.0 = Debug|Any CPU
		{4359C561-8CE2-43EB-A78C-409B63AC53B5}.Release|Any CPU.ActiveCfg = Release|Any CPU
		{4359C561-8CE2-43EB-A78C-409B63AC53B5}.Release|Any CPU.Build.0 = Release|Any CPU
		{92266026-44F8-402B-9DE1-8F3F1AFA8120}.Debug|Any CPU.ActiveCfg = Debug|Any CPU
		{92266026-44F8-402B-9DE1-8F3F1AFA8120}.Debug|Any CPU.Build.0 = Debug|Any CPU
		{92266026-44F8-402B-9DE1-8F3F1AFA8120}.Release|Any CPU.ActiveCfg = Release|Any CPU
		{92266026-44F8-402B-9DE1-8F3F1AFA8120}.Release|Any CPU.Build.0 = Release|Any CPU
	EndGlobalSection
	GlobalSection(SolutionProperties) = preSolution
		HideSolutionNode = FALSE
	EndGlobalSection
	GlobalSection(ExtensibilityGlobals) = postSolution
		SolutionGuid = {EFBAE1A9-1C2A-4F56-962E-44B9D8D9D5D1}
	EndGlobalSection
EndGlobal
